name: credit-card-risk
channels:
  - conda-forge
  - defaults
dependencies:
  - _openmp_mutex=4.5=20_gnu
  - _python_abi3_support=1.0=hd8ed1ab_3
  - aiohappyeyeballs=2.7.1=pyhd8ed1ab_0
  - aiohttp=3.14.3=py313h51e1470_0
  - aiosignal=1.4.0=pyhd8ed1ab_0
  - alembic=1.20.0=pyh5ded981_0
  - altair=6.2.2=pyhd8ed1ab_0
  - annotated-doc=0.0.5=pyhcf101f3_0
  - annotated-types=0.8.0=pyhd8ed1ab_0
  - anyio=4.15.1=pyh5ded981_1
  - attrs=26.1.0=pyhcf101f3_0
  - aws-c-auth=0.9.6=hdf23a24_1
  - aws-c-cal=0.9.13=h46f3b43_1
  - aws-c-common=0.12.6=hfd05255_0
  - aws-c-compression=0.3.2=hcb3a2da_0
  - aws-c-event-stream=0.5.9=h972bbec_2
  - aws-c-http=0.10.10=hb410799_0
  - aws-c-io=0.26.1=h0d5b9f9_2
  - aws-c-mqtt=0.14.0=h833cf40_1
  - aws-c-s3=0.11.5=h3ec5e31_3
  - aws-c-sdkutils=0.2.4=hcb3a2da_4
  - aws-checksums=0.2.10=hcb3a2da_0
  - aws-crt-cpp=0.37.3=h5e571c5_0
  - aws-sdk-cpp=1.11.747=h532609e_1
  - azure-core-cpp=1.16.2=h49e36cd_0
  - azure-identity-cpp=1.13.3=h5ffce34_1
  - azure-storage-blobs-cpp=12.16.0=h81bf7d1_2
  - azure-storage-common-cpp=12.13.0=h5ffce34_0
  - azure-storage-files-datalake-cpp=12.14.0=hab49af2_2
  - backports.zstd=1.7.0=py313h2a31948_1
  - bcrypt=5.0.0=py313hfbe8231_2
  - blinker=1.9.0=pyhff2d567_0
  - brotli=1.2.0=hc8c2fe1_4
  - brotli-bin=1.2.0=hd477307_4
  - brotli-python=1.2.0=py313h3c654a2_4
  - bzip2=1.0.8=h2bbff1b_6
  - c-ares=1.34.8=h6a83c73_2
  - ca-certificates=2026.8.13=haa95532_0
  - cachetools=7.1.8=pyhd8ed1ab_0
  - cairo=1.18.4=h5782bbf_0
  - certifi=2026.7.22=pyhd8ed1ab_0
  - cffi=2.1.1=py313h5ea7bf4_3
  - charset-normalizer=3.5.1=pyhd8ed1ab_0
  - click=8.5.0=pyh5ded981_0
  - cloudpickle=3.1.2=pyhcf101f3_1
  - colorama=0.4.6=pyhd8ed1ab_1
  - contourpy=1.4.0=py313h1a38498_1
  - cpython=3.13.15=py313hd8ed1ab_103
  - cryptography=50.0.1=py311h67a9792_1
  - cycler=0.12.1=pyhcf101f3_2
  - databricks-sdk=0.138.0=pyhd8ed1ab_0
  - deprecated=1.3.1=pyhd8ed1ab_1
  - dnspython=2.8.0=pyhcf101f3_0
  - docker-py=7.2.0=pyhcf101f3_1
  - double-conversion=3.3.1=he0c23c2_0
  - email-validator=2.3.0=pyhd8ed1ab_0
  - email_validator=2.3.0=hd8ed1ab_0
  - et_xmlfile=2.0.0=pyhd8ed1ab_1
  - fastapi=0.141.1=h76d476e_0
  - fastapi-cli=0.0.32=pyhcf101f3_0
  - fastapi-core=0.141.1=pyhcf101f3_0
  - fastar=0.12.0=py313h633daaa_0
  - flask=3.1.3=pyhcf101f3_1
  - flask-cors=6.0.5=pyhcf101f3_0
  - font-ttf-dejavu-sans-mono=2.37=hab24e00_0
  - font-ttf-inconsolata=3.000=h77eed37_0
  - font-ttf-source-code-pro=2.038=h77eed37_0
  - font-ttf-ubuntu=0.83=h77eed37_3
  - fontconfig=2.18.3=hd47e2ca_1
  - fonts-conda-ecosystem=1=0
  - fonts-conda-forge=1=hc364b38_1
  - fonttools=4.65.0=py313hd650c13_0
  - freetype=2.14.3=h57928b3_2
  - frozenlist=1.8.0=py313h0c48a3b_0
  - gitdb=4.0.12=pyhd8ed1ab_0
  - gitpython=3.1.62=pyh5ded981_0
  - google-auth=2.58.0=pyh5ded981_0
  - graphene=3.4.3=pyhd8ed1ab_1
  - graphite2=1.3.15=h5112557_1
  - graphql-core=3.2.12=pyhcf101f3_0
  - graphql-relay=3.2.0=pyhd8ed1ab_1
  - greenlet=3.5.6=py313h927ade5_0
  - h11=0.16.0=pyhcf101f3_1
  - h2=4.4.1=pyhcf101f3_0
  - harfbuzz=12.1.0=h5f2951f_0
  - hpack=4.2.0=pyhd8ed1ab_0
  - httpcore=1.0.9=pyh29332c3_0
  - httpcore2=2.13.0=pyh5ded981_0
  - httptools=0.8.0=py313h5ea7bf4_2
  - httpx=0.28.1=pyhd8ed1ab_0
  - httpx2=2.13.0=pyhcd62e61_0
  - huey=3.4.0=pyh5ded981_0
  - hyperframe=6.1.0=pyhd8ed1ab_0
  - icu=75.1=he0c23c2_0
  - idna=3.19=pyhcf101f3_0
  - importlib-metadata=9.0.1=pyhcf101f3_0
  - invoke=3.0.3=pyhd8ed1ab_0
  - itsdangerous=2.2.0=pyhd8ed1ab_1
  - jinja2=3.1.6=pyhcf101f3_1
  - jiter=0.17.0=py313hfbe8231_0
  - joblib=1.6.0=pyhcf101f3_0
  - jsonschema=4.26.0=pyhcf101f3_1
  - jsonschema-specifications=2025.9.1=pyhcf101f3_0
  - kiwisolver=1.5.1=py313h1a38498_1
  - krb5=1.21.3=hdf4eb48_0
  - lcms2=2.19.1=hf2c6c5f_1
  - lerc=4.2.0=hd936e49_0
  - libabseil=20260107.1=cxx17_h0eb2380_0
  - libarrow=23.0.1=h96192e2_3_cpu
  - libarrow-acero=23.0.1=h7d8d6a5_3_cpu
  - libarrow-compute=23.0.1=h081cd8e_3_cpu
  - libarrow-dataset=23.0.1=h7d8d6a5_3_cpu
  - libarrow-substrait=23.0.1=h524e9bd_3_cpu
  - libblas=3.11.0=11_h8455456_mkl
  - libbrotlicommon=1.2.0=hf02afa3_4
  - libbrotlidec=1.2.0=h84f9c24_4
  - libbrotlienc=1.2.0=he2a975b_4
  - libcblas=3.11.0=11_h2a3cdd5_mkl
  - libclang13=22.1.8=default_h2778606_7
  - libcrc32c=1.1.2=h0e60522_0
  - libcurl=8.18.0=h43ecb02_0
  - libdeflate=1.25=h1a1d4e4_1
  - libevent=2.1.12=hc903f1e_2
  - libexpat=2.8.4=hd7fb8db_0
  - libffi=3.4.8=h42d73b9_3
  - libfreetype=2.14.3=h57928b3_2
  - libfreetype6=2.14.3=hdbac1cb_2
  - libgcc=16.2.0=h110b43a_5
  - libglib=2.86.0=h5f26cbf_0
  - libgomp=16.2.0=h8ee18e1_5
  - libgoogle-cloud=2.39.0=h01c467a_1
  - libgoogle-cloud-storage=2.39.0=he04ea4c_1
  - libgrpc=1.78.1=h9ff2b3e_0
  - libhwloc=2.13.0=default_h049141e_1000
  - libiconv=1.18=hc1393d2_3
  - libintl=0.22.5=h5728263_4
  - libjpeg-turbo=3.2.0=hfd05255_1
  - liblapack=3.11.0=11_hf9ab0e9_mkl
  - liblzma=5.8.2=hfd05255_0
  - libmpdec=4.0.1=h1c6eee0_0
  - libparquet=23.0.1=h7051d1f_3_cpu
  - libpng=1.6.58=hdc8cecf_1
  - libprotobuf=6.33.5=h637c107_2
  - libre2-11=2025.11.05=h04e5de1_1
  - libsodium=1.0.22=h6a83c73_3
  - libsqlite=3.53.4=hf5d6505_1
  - libssh2=1.11.1=h734d217_1
  - libthrift=0.22.0=h2e43b2f_2
  - libtiff=4.7.1=h8f73337_1
  - libutf8proc=2.11.3=hb980946_0
  - libvulkan-loader=1.4.357.0=h477610d_2
  - libwebp-base=1.6.0=h4d5522a_1
  - libwinpthread=12.0.0.r4.gg4f2fc60ca=h57928b3_10
  - libxcb=1.17.0=h874e120_2
  - libxgboost=3.0.2=cpu_hd161407_1
  - libxml2=2.15.1=ha29bfb0_0
  - libxml2-16=2.15.1=h06f855e_0
  - libxslt=1.1.43=h0fbe4c1_1
  - libzlib=1.3.2=h1c6eee0_0
  - llvm-openmp=23.1.1=h49e36cd_0
  - llvmlite=0.49.0=py313h9a11d27_3
  - lz4-c=1.10.0=h6a83c73_2
  - mako=1.4.1=pyhcf101f3_0
  - markdown-it-py=4.2.0=pyhd8ed1ab_0
  - markupsafe=3.0.3=py313hd650c13_1
  - matplotlib=3.10.9=py313hfa70ccb_0
  - matplotlib-base=3.10.9=py313he1ded55_0
  - mdurl=0.1.2=pyhd8ed1ab_1
  - mkl=2026.1.0=hac47afa_235
  - mlflow=3.16.0=pyh7428d3b_1
  - mlflow-skinny=3.16.0=pyh7428d3b_1
  - mlflow-ui=3.16.0=pyh7428d3b_1
  - multidict=6.7.1=py313hd650c13_0
  - munkres=1.1.4=pyhd8ed1ab_1
  - narwhals=2.26.0=pyh5ded981_0
  - numba=0.67.0=py313h927ade5_1
  - numpy=2.5.3=py313ha8dc839_0
  - openai=3.16.2=pyh5ded981_0
  - openjpeg=2.5.4=h0e57b4f_0
  - openpyxl=3.1.5=py313hc624790_4
  - openssl=3.6.4=hf411b9b_0
  - opentelemetry-api=1.16.0=pyhd8ed1ab_0
  - opentelemetry-proto=1.44.0=pyhd8ed1ab_0
  - opentelemetry-sdk=1.16.0=pyhd8ed1ab_0
  - opentelemetry-semantic-conventions=0.37b0=pyhd8ed1ab_0
  - orc=2.2.2=h0a1ad0e_1
  - packaging=26.3=py313haa95532_0
  - pandas=3.0.6=np2py313h4ce4a18_0
  - paramiko=5.0.0=pyhd8ed1ab_0
  - pcre2=10.46=h3402e2f_0
  - pillow=12.3.0=py313h38f99e1_0
  - pip=26.2.1=pyhc872135_0
  - pixman=0.46.4=h5112557_3
  - prettytable=3.18.0=pyhd8ed1ab_0
  - prometheus_client=0.26.0=pyhd8ed1ab_0
  - prometheus_flask_exporter=0.23.2=pyhd8ed1ab_0
  - propcache=0.5.2=py313hd650c13_0
  - protobuf=6.33.5=py313h16c7a9f_2
  - pthread-stubs=0.4=hfa92662_1004
  - py-xgboost=3.0.2=cpu_pyhf9c7e24_1
  - pyarrow-core=23.0.1=py313hc76bb52_0_cpu
  - pyasn1=0.6.4=pyhcf101f3_0
  - pyasn1-modules=0.4.2=pyhd8ed1ab_0
  - pycparser=3.0=pyhcf101f3_0
  - pydantic=2.13.5=pyhcf101f3_0
  - pydantic-core=2.46.5=py313hfbe8231_1
  - pydantic-extra-types=2.11.1=pyhcf101f3_0
  - pydantic-settings=2.15.0=pyhcf101f3_0
  - pydeck=0.9.3=pyhd8ed1ab_0
  - pygments=2.21.0=pyhcf101f3_0
  - pynacl=1.6.2=py311he66da3d_5
  - pyparsing=3.3.2=pyhcf101f3_0
  - pyside6=6.9.3=py313h475ba69_2
  - pysocks=1.7.1=pyh09c184e_7
  - python=3.13.15=h2e1fde4_102_cp313
  - python-dateutil=2.9.0.post0=pyhe01879c_2
  - python-dotenv=1.2.3=pyhcf101f3_0
  - python-gil=3.13.15=h4df99d1_103
  - python-multipart=0.0.32=pyhcf101f3_0
  - python-tzdata=2026.3=pyhd8ed1ab_0
  - python_abi=3.13=4_cp313
  - pyu2f=0.1.5=pyhd8ed1ab_1
  - pywin32=312=py313h26f5e95_2
  - pyyaml=6.0.3=py313hd650c13_1
  - qhull=2020.2=hc790b64_5
  - qt6-main=6.9.3=ha0de62e_1
  - re2=2025.11.05=ha104f34_1
  - referencing=0.37.0=pyhcf101f3_0
  - requests=2.34.2=pyhcf101f3_0
  - rich=15.0.0=pyhcf101f3_0
  - rich-toolkit=0.20.5=pyh5ded981_0
  - rpds-py=2026.6.3=py313hfbe8231_2
  - rsa=4.9.1=pyhd8ed1ab_0
  - scikit-learn=1.7.0=py313h4f67946_0
  - setuptools=83.0.0=py313haa95532_0
  - shap=0.52.0=cpu_py313hed668ca_0
  - shellingham=1.5.4=pyhd8ed1ab_2
  - six=1.17.0=pyhe01879c_1
  - skops=0.15=pyhd8ed1ab_0
  - slicer=0.0.8=pyhd8ed1ab_0
  - smmap=5.0.3=pyhcf101f3_1
  - snappy=1.2.2=h7fa0ca8_1
  - sniffio=1.3.1=pyhd8ed1ab_2
  - sqlalchemy=2.0.54=py313h5fd188c_0
  - sqlite=3.53.4=hee5a0db_0
  - sqlparse=0.6.0=pyhcf101f3_0
  - starlette=1.6.0=pyhcf101f3_0
  - streamlit=1.63.0=pyhd8ed1ab_0
  - tbb=2023.1.0=hdcfe883_0
  - tenacity=9.1.4=pyhcf101f3_0
  - threadpoolctl=3.7.0=pyhc455866_0
  - tk=8.6.15=hf199647_0
  - toml=0.10.2=pyhcf101f3_3
  - tomli=2.4.1=pyhcf101f3_0
  - tornado=6.5.8=py313h5ea7bf4_2
  - tqdm=4.70.1=pyh6be1c34_0
  - truststore=0.10.4=pyhcf101f3_0
  - typer=0.27.2=pyhcf101f3_0
  - typing-extensions=4.16.0=h69aa097_0
  - typing-inspection=0.4.4=pyhcf101f3_0
  - typing_extensions=4.16.0=pyhcf101f3_0
  - tzdata=2026c=he532380_0
  - ucrt=10.0.22621.0=haa95532_0
  - urllib3=2.8.0=pyhd8ed1ab_0
  - uvicorn=0.53.0=pyhe2676ad_0
  - uvicorn-standard=0.53.0=h7909e7b_0
  - vc=14.3=h2df5915_12
  - vc14_runtime=14.44.35208=h4927774_12
  - vs2015_runtime=14.44.35208=ha6b5a95_12
  - waitress=3.0.2=pyhcf101f3_2
  - watchdog=6.0.0=py313h82aeca2_4
  - watchfiles=1.2.0=py313ha9ea572_1
  - wcwidth=0.8.4=pyh5ded981_0
  - websocket-client=1.9.2=pyh5ded981_1
  - websockets=16.1.1=py313h4ac8b90_0
  - werkzeug=3.1.8=pyhcf101f3_0
  - wheel=0.47.0=py313haa95532_0
  - win_inet_pton=1.1.0=pyh7428d3b_8
  - wrapt=2.4.0=py313h5fd188c_2
  - xlrd=2.0.2=pyhd8ed1ab_0
  - xorg-libxau=1.0.12=hfa92662_2
  - xorg-libxdmcp=1.1.5=hfa92662_2
  - xz=5.8.2=h53af0af_0
  - yaml=0.2.5=h6a83c73_3
  - yarl=1.24.5=py313hd650c13_0
  - zipp=4.1.0=pyhcf101f3_0
  - zlib=1.3.2=h1c6eee0_0
  - zlib-ng=2.3.3=h0261ad2_1
  - zstd=1.5.7=h534d264_7
  - pip:
      - pyarrow==23.0.1
      - scipy==1.18.1
prefix: C:\Users\Lenovo\miniconda3\envs\credit-card-risk
